
Microsoft Visual Studio Solution File, Format Version 12.00
# Visual Studio Version 17
VisualStudioVersion = 17.5.33424.131
MinimumVisualStudioVersion = 10.0.40219.1
Project("{8BC9CEB8-8B4A-11D0-8D11-00A0C91BC942}") = "2023 CPP", "2023 CPP\2023 CPP.vcxproj", "{7B09CB9D-B03A-4702-B968-C9117A838946}"
EndProject
Project("{8BC9CEB8-8B4A-11D0-8D11-00A0C91BC942}") = "SnakeGame", "SnakeGame\SnakeGame.vcxproj", "{46E97EE5-5D5E-49D2-B79F-11129D1CA33D}"
EndProject
Project("{8BC9CEB8-8B4A-11D0-8D11-00A0C91BC942}") = "Inheritance", "Inheritance\Inheritance.vcxproj", "{905C6B2E-742B-4DEB-BFB2-7235EFB2FEF6}"
EndProject
Global
	GlobalSection(SolutionConfigurationPlatforms) = preSolution
		Debug|x64 = Debug|x64
		Debug|x86 = Debug|x86
		Release|x64 = Release|x64
		Release|x86 = Release|x86
	EndGlobalSection
	GlobalSection(ProjectConfigurationPlatforms) = postSolution
		{7B09CB9D-B03A-4702-B968-C9117A838946}.Debug|x64.ActiveCfg = Debug|x64
		{7B09CB9D-B03A-4702-B968-C9117A838946}.Debug|x64.Build.0 = Debug|x64
		{7B09CB9D-B03A-4702-B968-C9117A838946}.Debug|x86.ActiveCfg = Debug|Win32
		{7B09CB9D-B03A-4702-B968-C9117A838946}.Debug|x86.Build.0 = Debug|Win32
		{7B09CB9D-B03A-4702-B968-C9117A838946}.Release|x64.ActiveCfg = Release|x64
		{7B09CB9D-B03A-4702-B968-C9117A838946}.Release|x64.Build.0 = Release|x64
		{7B09CB9D-B03A-4702-B968-C9117A838946}.Release|x86.ActiveCfg = Release|Win32
		{7B09CB9D-B03A-4702-B968-C9117A838946}.Release|x86.Build.0 = Release|Win32
		{46E97EE5-5D5E-49D2-B79F-11129D1CA33D}.Debug|x64.ActiveCfg = Debug|x64
		{46E97EE5-5D5E-49D2-B79F-11129D1CA33D}.Debug|x64.Build.0 = Debug|x64
		{46E97EE5-5D5E-49D2-B79F-11129D1CA33D}.Debug|x86.ActiveCfg = Debug|Win32
		{46E97EE5-5D5E-49D2-B79F-11129D1CA33D}.Debug|x86.Build.0 = Debug|Win32
		{46E97EE5-5D5E-49D2-B79F-11129D1CA33D}.Release|x64.ActiveCfg = Release|x64
		{46E97EE5-5D5E-49D2-B79F-11129D1CA33D}.Release|x64.Build.0 = Release|x64
		{46E97EE5-5D5E-49D2-B79F-11129D1CA33D}.Release|x86.ActiveCfg = Release|Win32
		{46E97EE5-5D5E-49D2-B79F-11129D1CA33D}.Release|x86.Build.0 = Release|Win32
		{905C6B2E-742B-4DEB-BFB2-7235EFB2FEF6}.Debug|x64.ActiveCfg = Debug|x64
		{905C6B2E-742B-4DEB-BFB2-7235EFB2FEF6}.Debug|x64.Build.0 = Debug|x64
		{905C6B2E-742B-4DEB-BFB2-7235EFB2FEF6}.Debug|x86.ActiveCfg = Debug|Win32
		{905C6B2E-742B-4DEB-BFB2-7235EFB2FEF6}.Debug|x86.Build.0 = Debug|Win32
		{905C6B2E-742B-4DEB-BFB2-7235EFB2FEF6}.Release|x64.ActiveCfg = Release|x64
		{905C6B2E-742B-4DEB-BFB2-7235EFB2FEF6}.Release|x64.Build.0 = Release|x64
		{905C6B2E-742B-4DEB-BFB2-7235EFB2FEF6}.Release|x86.ActiveCfg = Release|Win32
		{905C6B2E-742B-4DEB-BFB2-7235EFB2FEF6}.Release|x86.Build.0 = Release|Win32
	EndGlobalSection
	GlobalSection(SolutionProperties) = preSolution
		HideSolutionNode = FALSE
	EndGlobalSection
	GlobalSection(ExtensibilityGlobals) = postSolution
		SolutionGuid = {7FE74980-E654-470B-9607-ACC14881656F}
	EndGlobalSection
EndGlobal
